{
    "name": "example-app",
    "version": "0.0.0",
    "lockfileVersion": 3,
    "requires": true,
    "packages": {
        "": {
            "name": "example-app",
            "version": "0.0.0",
            "hasInstallScript": true,
            "license": "Apache 2.0",
            "dependencies": {
                "cli-color": "^1.0.0",
                "dotenv": "^16.3.1",
                "matrix-js-sdk": "^28.1.0",
                "url-regex": "^5.0.0"
            }
        },
        "node_modules/@babel/runtime": {
            "version": "7.22.15",
            "resolved": "https://registry.npmjs.org/@babel/runtime/-/runtime-7.22.15.tgz",
            "integrity": "sha512-T0O+aa+4w0u06iNmapipJXMV4HoUir03hpx3/YqXXhu9xim3w+dVphjFWl1OH8NbZHw5Lbm9k45drDkgq2VNNA==",
            "dependencies": {
                "regenerator-runtime": "^0.14.0"
            },
            "engines": {
                "node": ">=6.9.0"
            }
        },
        "node_modules/@matrix-org/matrix-sdk-crypto-wasm": {
            "version": "1.2.2",
            "resolved": "https://registry.npmjs.org/@matrix-org/matrix-sdk-crypto-wasm/-/matrix-sdk-crypto-wasm-1.2.2.tgz",
            "integrity": "sha512-iSU2oel9xBZdl/q4ryE2bOZRhIe8x77X4fVY/8qVD5iTt4MwEgJMucb3aA1zGjZP4ptjomoxR0N0zWbx8GcSQw==",
            "engines": {
                "node": ">= 10"
            }
        },
        "node_modules/@types/events": {
            "version": "3.0.0",
            "resolved": "https://registry.npmjs.org/@types/events/-/events-3.0.0.tgz",
            "integrity": "sha512-EaObqwIvayI5a8dCzhFrjKzVwKLxjoG9T6Ppd5CEo07LRKfQ8Yokw54r5+Wq7FaBQ+yXRvQAYPrHwya1/UFt9g=="
        },
        "node_modules/@types/retry": {
            "version": "0.12.0",
            "resolved": "https://registry.npmjs.org/@types/retry/-/retry-0.12.0.tgz",
            "integrity": "sha512-wWKOClTTiizcZhXnPY4wikVAwmdYHp8q6DmC+EJUzAMsycb7HB32Kh9RN4+0gExjmPmZSAQjgURXIGATPegAvA=="
        },
        "node_modules/another-json": {
            "version": "0.2.0",
            "resolved": "https://registry.npmjs.org/another-json/-/another-json-0.2.0.tgz",
            "integrity": "sha512-/Ndrl68UQLhnCdsAzEXLMFuOR546o2qbYRqCglaNHbjXrwG1ayTcdwr3zkSGOGtGXDyR5X9nCFfnyG2AFJIsqg=="
        },
        "node_modules/ansi-regex": {
            "version": "2.1.1",
            "resolved": "https://registry.npmjs.org/ansi-regex/-/ansi-regex-2.1.1.tgz",
            "integrity": "sha512-TIGnTpdo+E3+pCyAluZvtED5p5wCqLdezCyhPZzKPcxvFplEt4i+W7OONCKgeZFT3+y5NZZfOOS/Bdcanm1MYA==",
            "engines": {
                "node": ">=0.10.0"
            }
        },
        "node_modules/base-x": {
            "version": "4.0.0",
            "resolved": "https://registry.npmjs.org/base-x/-/base-x-4.0.0.tgz",
            "integrity": "sha512-FuwxlW4H5kh37X/oW59pwTzzTKRzfrrQwhmyspRM7swOEZcHtDZSCt45U6oKgtuFE+WYPblePMVIPR4RZrh/hw=="
        },
        "node_modules/bs58": {
            "version": "5.0.0",
            "resolved": "https://registry.npmjs.org/bs58/-/bs58-5.0.0.tgz",
            "integrity": "sha512-r+ihvQJvahgYT50JD05dyJNKlmmSlMoOGwn1lCcEzanPglg7TxYjioQUYehQ9mAR/+hOSd2jRc/Z2y5UxBymvQ==",
            "dependencies": {
                "base-x": "^4.0.0"
            }
        },
        "node_modules/cli-color": {
            "version": "1.4.0",
            "resolved": "https://registry.npmjs.org/cli-color/-/cli-color-1.4.0.tgz",
            "integrity": "sha512-xu6RvQqqrWEo6MPR1eixqGPywhYBHRs653F9jfXB2Hx4jdM/3WxiNE1vppRmxtMIfl16SFYTpYlrnqH/HsK/2w==",
            "dependencies": {
                "ansi-regex": "^2.1.1",
                "d": "1",
                "es5-ext": "^0.10.46",
                "es6-iterator": "^2.0.3",
                "memoizee": "^0.4.14",
                "timers-ext": "^0.1.5"
            }
        },
        "node_modules/content-type": {
            "version": "1.0.5",
            "resolved": "https://registry.npmjs.org/content-type/-/content-type-1.0.5.tgz",
            "integrity": "sha512-nTjqfcBFEipKdXCv4YDQWCfmcLZKm81ldF0pAopTvyrFGVbcR6P/VAAd5G7N+0tTr8QqiU0tFadD6FK4NtJwOA==",
            "engines": {
                "node": ">= 0.6"
            }
        },
        "node_modules/crypto-js": {
            "version": "4.1.1",
            "resolved": "https://registry.npmjs.org/crypto-js/-/crypto-js-4.1.1.tgz",
            "integrity": "sha512-o2JlM7ydqd3Qk9CA0L4NL6mTzU2sdx96a+oOfPu8Mkl/PK51vSyoi8/rQ8NknZtk44vq15lmhAj9CIAGwgeWKw=="
        },
        "node_modules/d": {
            "version": "1.0.1",
            "resolved": "https://registry.npmjs.org/d/-/d-1.0.1.tgz",
            "integrity": "sha512-m62ShEObQ39CfralilEQRjH6oAMtNCV1xJyEx5LpRYUVN+EviphDgUc/F3hnYbADmkiNs67Y+3ylmlG7Lnu+FA==",
            "dependencies": {
                "es5-ext": "^0.10.50",
                "type": "^1.0.1"
            }
        },
        "node_modules/dotenv": {
            "version": "16.3.1",
            "resolved": "https://registry.npmjs.org/dotenv/-/dotenv-16.3.1.tgz",
            "integrity": "sha512-IPzF4w4/Rd94bA9imS68tZBaYyBWSCE47V1RGuMrB94iyTOIEwRmVL2x/4An+6mETpLrKJ5hQkB8W4kFAadeIQ==",
            "engines": {
                "node": ">=12"
            },
            "funding": {
                "url": "https://github.com/motdotla/dotenv?sponsor=1"
            }
        },
        "node_modules/es5-ext": {
            "version": "0.10.62",
            "resolved": "https://registry.npmjs.org/es5-ext/-/es5-ext-0.10.62.tgz",
            "integrity": "sha512-BHLqn0klhEpnOKSrzn/Xsz2UIW8j+cGmo9JLzr8BiUapV8hPL9+FliFqjwr9ngW7jWdnxv6eO+/LqyhJVqgrjA==",
            "hasInstallScript": true,
            "dependencies": {
                "es6-iterator": "^2.0.3",
                "es6-symbol": "^3.1.3",
                "next-tick": "^1.1.0"
            },
            "engines": {
                "node": ">=0.10"
            }
        },
        "node_modules/es6-iterator": {
            "version": "2.0.3",
            "resolved": "https://registry.npmjs.org/es6-iterator/-/es6-iterator-2.0.3.tgz",
            "integrity": "sha512-zw4SRzoUkd+cl+ZoE15A9o1oQd920Bb0iOJMQkQhl3jNc03YqVjAhG7scf9C5KWRU/R13Orf588uCC6525o02g==",
            "dependencies": {
                "d": "1",
                "es5-ext": "^0.10.35",
                "es6-symbol": "^3.1.1"
            }
        },
        "node_modules/es6-symbol": {
            "version": "3.1.3",
            "resolved": "https://registry.npmjs.org/es6-symbol/-/es6-symbol-3.1.3.tgz",
            "integrity": "sha512-NJ6Yn3FuDinBaBRWl/q5X/s4koRHBrgKAu+yGI6JCBeiu3qrcbJhwT2GeR/EXVfylRk8dpQVJoLEFhK+Mu31NA==",
            "dependencies": {
                "d": "^1.0.1",
                "ext": "^1.1.2"
            }
        },
        "node_modules/es6-weak-map": {
            "version": "2.0.3",
            "resolved": "https://registry.npmjs.org/es6-weak-map/-/es6-weak-map-2.0.3.tgz",
            "integrity": "sha512-p5um32HOTO1kP+w7PRnB+5lQ43Z6muuMuIMffvDN8ZB4GcnjLBV6zGStpbASIMk4DCAvEaamhe2zhyCb/QXXsA==",
            "dependencies": {
                "d": "1",
                "es5-ext": "^0.10.46",
                "es6-iterator": "^2.0.3",
                "es6-symbol": "^3.1.1"
            }
        },
        "node_modules/event-emitter": {
            "version": "0.3.5",
            "resolved": "https://registry.npmjs.org/event-emitter/-/event-emitter-0.3.5.tgz",
            "integrity": "sha512-D9rRn9y7kLPnJ+hMq7S/nhvoKwwvVJahBi2BPmx3bvbsEdK3W9ii8cBSGjP+72/LnM4n6fo3+dkCX5FeTQruXA==",
            "dependencies": {
                "d": "1",
                "es5-ext": "~0.10.14"
            }
        },
        "node_modules/events": {
            "version": "3.3.0",
            "resolved": "https://registry.npmjs.org/events/-/events-3.3.0.tgz",
            "integrity": "sha512-mQw+2fkQbALzQ7V0MY0IqdnXNOeTtP4r0lN9z7AAawCXgqea7bDii20AYrIBrFd/Hx0M2Ocz6S111CaFkUcb0Q==",
            "engines": {
                "node": ">=0.8.x"
            }
        },
        "node_modules/ext": {
            "version": "1.7.0",
            "resolved": "https://registry.npmjs.org/ext/-/ext-1.7.0.tgz",
            "integrity": "sha512-6hxeJYaL110a9b5TEJSj0gojyHQAmA2ch5Os+ySCiA1QGdS697XWY1pzsrSjqA9LDEEgdB/KypIlR59RcLuHYw==",
            "dependencies": {
                "type": "^2.7.2"
            }
        },
        "node_modules/ext/node_modules/type": {
            "version": "2.7.2",
            "resolved": "https://registry.npmjs.org/type/-/type-2.7.2.tgz",
            "integrity": "sha512-dzlvlNlt6AXU7EBSfpAscydQ7gXB+pPGsPnfJnZpiNJBDj7IaJzQlBZYGdEi4R9HmPdBv2XmWJ6YUtoTa7lmCw=="
        },
        "node_modules/ip-regex": {
            "version": "4.3.0",
            "resolved": "https://registry.npmjs.org/ip-regex/-/ip-regex-4.3.0.tgz",
            "integrity": "sha512-B9ZWJxHHOHUhUjCPrMpLD4xEq35bUTClHM1S6CBU5ixQnkZmwipwgc96vAd7AAGM9TGHvJR+Uss+/Ak6UphK+Q==",
            "engines": {
                "node": ">=8"
            }
        },
        "node_modules/is-promise": {
            "version": "2.2.2",
            "resolved": "https://registry.npmjs.org/is-promise/-/is-promise-2.2.2.tgz",
            "integrity": "sha512-+lP4/6lKUBfQjZ2pdxThZvLUAafmZb8OAxFb8XXtiQmS35INgr85hdOGoEs124ez1FCnZJt6jau/T+alh58QFQ=="
        },
        "node_modules/jwt-decode": {
            "version": "3.1.2",
            "resolved": "https://registry.npmjs.org/jwt-decode/-/jwt-decode-3.1.2.tgz",
            "integrity": "sha512-UfpWE/VZn0iP50d8cz9NrZLM9lSWhcJ+0Gt/nm4by88UL+J1SiKN8/5dkjMmbEzwL2CAe+67GsegCbIKtbp75A=="
        },
        "node_modules/loglevel": {
            "version": "1.8.1",
            "resolved": "https://registry.npmjs.org/loglevel/-/loglevel-1.8.1.tgz",
            "integrity": "sha512-tCRIJM51SHjAayKwC+QAg8hT8vg6z7GSgLJKGvzuPb1Wc+hLzqtuVLxp6/HzSPOozuK+8ErAhy7U/sVzw8Dgfg==",
            "engines": {
                "node": ">= 0.6.0"
            },
            "funding": {
                "type": "tidelift",
                "url": "https://tidelift.com/funding/github/npm/loglevel"
            }
        },
        "node_modules/lru-queue": {
            "version": "0.1.0",
            "resolved": "https://registry.npmjs.org/lru-queue/-/lru-queue-0.1.0.tgz",
            "integrity": "sha512-BpdYkt9EvGl8OfWHDQPISVpcl5xZthb+XPsbELj5AQXxIC8IriDZIQYjBJPEm5rS420sjZ0TLEzRcq5KdBhYrQ==",
            "dependencies": {
                "es5-ext": "~0.10.2"
            }
        },
        "node_modules/matrix-events-sdk": {
            "version": "0.0.1",
            "resolved": "https://registry.npmjs.org/matrix-events-sdk/-/matrix-events-sdk-0.0.1.tgz",
            "integrity": "sha512-1QEOsXO+bhyCroIe2/A5OwaxHvBm7EsSQ46DEDn8RBIfQwN5HWBpFvyWWR4QY0KHPPnnJdI99wgRiAl7Ad5qaA=="
        },
        "node_modules/matrix-js-sdk": {
            "version": "28.1.0",
            "resolved": "https://registry.npmjs.org/matrix-js-sdk/-/matrix-js-sdk-28.1.0.tgz",
            "integrity": "sha512-GwhsOAka40i7hc+Hm/tiJdDgMgx/BWLGQmKQAcqFk4E2uxlB0k01D+cyLhRvmfiwlRbdABohGgqSiQRL7LD98w==",
            "dependencies": {
                "@babel/runtime": "^7.12.5",
                "@matrix-org/matrix-sdk-crypto-wasm": "^1.2.1",
                "another-json": "^0.2.0",
                "bs58": "^5.0.0",
                "content-type": "^1.0.4",
                "jwt-decode": "^3.1.2",
                "loglevel": "^1.7.1",
                "matrix-events-sdk": "0.0.1",
                "matrix-widget-api": "^1.5.0",
                "oidc-client-ts": "^2.2.4",
                "p-retry": "4",
                "sdp-transform": "^2.14.1",
                "unhomoglyph": "^1.0.6",
                "uuid": "9"
            },
            "engines": {
                "node": ">=18.0.0"
            }
        },
        "node_modules/matrix-widget-api": {
            "version": "1.6.0",
            "resolved": "https://registry.npmjs.org/matrix-widget-api/-/matrix-widget-api-1.6.0.tgz",
            "integrity": "sha512-VXIJyAZ/WnBmT4C7ePqevgMYGneKMCP/0JuCOqntSsaNlCRHJvwvTxmqUU+ufOpzIF5gYNyIrAjbgrEbK3iqJQ==",
            "dependencies": {
                "@types/events": "^3.0.0",
                "events": "^3.2.0"
            }
        },
        "node_modules/memoizee": {
            "version": "0.4.15",
            "resolved": "https://registry.npmjs.org/memoizee/-/memoizee-0.4.15.tgz",
            "integrity": "sha512-UBWmJpLZd5STPm7PMUlOw/TSy972M+z8gcyQ5veOnSDRREz/0bmpyTfKt3/51DhEBqCZQn1udM/5flcSPYhkdQ==",
            "dependencies": {
                "d": "^1.0.1",
                "es5-ext": "^0.10.53",
                "es6-weak-map": "^2.0.3",
                "event-emitter": "^0.3.5",
                "is-promise": "^2.2.2",
                "lru-queue": "^0.1.0",
                "next-tick": "^1.1.0",
                "timers-ext": "^0.1.7"
            }
        },
        "node_modules/next-tick": {
            "version": "1.1.0",
            "resolved": "https://registry.npmjs.org/next-tick/-/next-tick-1.1.0.tgz",
            "integrity": "sha512-CXdUiJembsNjuToQvxayPZF9Vqht7hewsvy2sOWafLvi2awflj9mOC6bHIg50orX8IJvWKY9wYQ/zB2kogPslQ=="
        },
        "node_modules/oidc-client-ts": {
            "version": "2.2.5",
            "resolved": "https://registry.npmjs.org/oidc-client-ts/-/oidc-client-ts-2.2.5.tgz",
            "integrity": "sha512-omAHoLdFcylnwZeHJahOnJBwd0r78JzhmVAmsQjLGrexAnQKiHW9Ilr9FlRD5qjMikmabvaucI4k49AbQLXhmQ==",
            "dependencies": {
                "crypto-js": "^4.1.1",
                "jwt-decode": "^3.1.2"
            },
            "engines": {
                "node": ">=12.13.0"
            }
        },
        "node_modules/p-retry": {
            "version": "4.6.2",
            "resolved": "https://registry.npmjs.org/p-retry/-/p-retry-4.6.2.tgz",
            "integrity": "sha512-312Id396EbJdvRONlngUx0NydfrIQ5lsYu0znKVUzVvArzEIt08V1qhtyESbGVd1FGX7UKtiFp5uwKZdM8wIuQ==",
            "dependencies": {
                "@types/retry": "0.12.0",
                "retry": "^0.13.1"
            },
            "engines": {
                "node": ">=8"
            }
        },
        "node_modules/regenerator-runtime": {
            "version": "0.14.0",
            "resolved": "https://registry.npmjs.org/regenerator-runtime/-/regenerator-runtime-0.14.0.tgz",
            "integrity": "sha512-srw17NI0TUWHuGa5CFGGmhfNIeja30WMBfbslPNhf6JrqQlLN5gcrvig1oqPxiVaXb0oW0XRKtH6Nngs5lKCIA=="
        },
        "node_modules/retry": {
            "version": "0.13.1",
            "resolved": "https://registry.npmjs.org/retry/-/retry-0.13.1.tgz",
            "integrity": "sha512-XQBQ3I8W1Cge0Seh+6gjj03LbmRFWuoszgK9ooCpwYIrhhoO80pfq4cUkU5DkknwfOfFteRwlZ56PYOGYyFWdg==",
            "engines": {
                "node": ">= 4"
            }
        },
        "node_modules/sdp-transform": {
            "version": "2.14.1",
            "resolved": "https://registry.npmjs.org/sdp-transform/-/sdp-transform-2.14.1.tgz",
            "integrity": "sha512-RjZyX3nVwJyCuTo5tGPx+PZWkDMCg7oOLpSlhjDdZfwUoNqG1mM8nyj31IGHyaPWXhjbP7cdK3qZ2bmkJ1GzRw==",
            "bin": {
                "sdp-verify": "checker.js"
            }
        },
        "node_modules/timers-ext": {
            "version": "0.1.7",
            "resolved": "https://registry.npmjs.org/timers-ext/-/timers-ext-0.1.7.tgz",
            "integrity": "sha512-b85NUNzTSdodShTIbky6ZF02e8STtVVfD+fu4aXXShEELpozH+bCpJLYMPZbsABN2wDH7fJpqIoXxJpzbf0NqQ==",
            "dependencies": {
                "es5-ext": "~0.10.46",
                "next-tick": "1"
            }
        },
        "node_modules/tlds": {
            "version": "1.242.0",
            "resolved": "https://registry.npmjs.org/tlds/-/tlds-1.242.0.tgz",
            "integrity": "sha512-aP3dXawgmbfU94mA32CJGHmJUE1E58HCB1KmlKRhBNtqBL27mSQcAEmcaMaQ1Za9kIVvOdbxJD3U5ycDy7nJ3w==",
            "bin": {
                "tlds": "bin.js"
            }
        },
        "node_modules/type": {
            "version": "1.2.0",
            "resolved": "https://registry.npmjs.org/type/-/type-1.2.0.tgz",
            "integrity": "sha512-+5nt5AAniqsCnu2cEQQdpzCAh33kVx8n0VoFidKpB1dVVLAN/F+bgVOqOJqOnEnrhp222clB5p3vUlD+1QAnfg=="
        },
        "node_modules/unhomoglyph": {
            "version": "1.0.6",
            "resolved": "https://registry.npmjs.org/unhomoglyph/-/unhomoglyph-1.0.6.tgz",
            "integrity": "sha512-7uvcWI3hWshSADBu4JpnyYbTVc7YlhF5GDW/oPD5AxIxl34k4wXR3WDkPnzLxkN32LiTCTKMQLtKVZiwki3zGg=="
        },
        "node_modules/url-regex": {
            "version": "5.0.0",
            "resolved": "https://registry.npmjs.org/url-regex/-/url-regex-5.0.0.tgz",
            "integrity": "sha512-O08GjTiAFNsSlrUWfqF1jH0H1W3m35ZyadHrGv5krdnmPPoxP27oDTqux/579PtaroiSGm5yma6KT1mHFH6Y/g==",
            "dependencies": {
                "ip-regex": "^4.1.0",
                "tlds": "^1.203.0"
            },
            "engines": {
                "node": ">=8"
            }
        },
        "node_modules/uuid": {
            "version": "9.0.1",
            "resolved": "https://registry.npmjs.org/uuid/-/uuid-9.0.1.tgz",
            "integrity": "sha512-b+1eJOlsR9K8HJpow9Ok3fiWOWSIcIzXodvv0rQjVoOVNpWMpxf1wZNpt4y9h10odCNrqnYp1OBzRktckBe3sA==",
            "funding": [
                "https://github.com/sponsors/broofa",
                "https://github.com/sponsors/ctavan"
            ],
            "bin": {
                "uuid": "dist/bin/uuid"
            }
        }
    }
}
